
Microsoft Visual Studio Solution File, Format Version 12.00
# Visual Studio Version 17
VisualStudioVersion = 17.0.31912.275
MinimumVisualStudioVersion = 10.0.40219.1
Project("{9A19103F-16F7-4668-BE54-9A1E7A4F7556}") = "FoodHub.Server", "FoodHub\Server\FoodHub.Server.csproj", "{64714D3B-4DD2-4054-B80E-536AE2C47364}"
EndProject
Project("{9A19103F-16F7-4668-BE54-9A1E7A4F7556}") = "FoodHub.Client", "FoodHub\Client\FoodHub.Client.csproj", "{34F94226-33C7-4E32-9502-489106DC4CA2}"
EndProject
Project("{9A19103F-16F7-4668-BE54-9A1E7A4F7556}") = "FoodHub.Shared", "FoodHub\Shared\FoodHub.Shared.csproj", "{438DF299-89B5-49F7-A4BB-D95C622A359D}"
EndProject
Global
	GlobalSection(SolutionConfigurationPlatforms) = preSolution
		Debug|Any CPU = Debug|Any CPU
		Release|Any CPU = Release|Any CPU
	EndGlobalSection
	GlobalSection(ProjectConfigurationPlatforms) = postSolution
		{64714D3B-4DD2-4054-B80E-536AE2C47364}.Debug|Any CPU.ActiveCfg = Debug|Any CPU
		{64714D3B-4DD2-4054-B80E-536AE2C47364}.Debug|Any CPU.Build.0 = Debug|Any CPU
		{64714D3B-4DD2-4054-B80E-536AE2C47364}.Release|Any CPU.ActiveCfg = Release|Any CPU
		{64714D3B-4DD2-4054-B80E-536AE2C47364}.Release|Any CPU.Build.0 = Release|Any CPU
		{34F94226-33C7-4E32-9502-489106DC4CA2}.Debug|Any CPU.ActiveCfg = Debug|Any CPU
		{34F94226-33C7-4E32-9502-489106DC4CA2}.Debug|Any CPU.Build.0 = Debug|Any CPU
		{34F94226-33C7-4E32-9502-489106DC4CA2}.Release|Any CPU.ActiveCfg = Release|Any CPU
		{34F94226-33C7-4E32-9502-489106DC4CA2}.Release|Any CPU.Build.0 = Release|Any CPU
		{438DF299-89B5-49F7-A4BB-D95C622A359D}.Debug|Any CPU.ActiveCfg = Debug|Any CPU
		{438DF299-89B5-49F7-A4BB-D95C622A359D}.Debug|Any CPU.Build.0 = Debug|Any CPU
		{438DF299-89B5-49F7-A4BB-D95C622A359D}.Release|Any CPU.ActiveCfg = Release|Any CPU
		{438DF299-89B5-49F7-A4BB-D95C622A359D}.Release|Any CPU.Build.0 = Release|Any CPU
	EndGlobalSection
	GlobalSection(SolutionProperties) = preSolution
		HideSolutionNode = FALSE
	EndGlobalSection
	GlobalSection(ExtensibilityGlobals) = postSolution
		SolutionGuid = {496C3357-2CF8-41D2-A138-FA1538B924D6}
	EndGlobalSection
EndGlobal
